{
    "_meta": {
        "hash": {
            "sha256": "46ac78901969ae5160f445d68b45fb3a3b41f638f892336c2905cfb524ae37e6"
        },
        "pipfile-spec": 6,
        "requires": {
            "python_full_version": "3.12.7",
            "python_version": "3.12"
        },
        "sources": [
            {
                "name": "pypi",
                "url": "https://pypi.org/simple",
                "verify_ssl": true
            }
        ]
    },
    "default": {
        "asgiref": {
            "hashes": [
                "sha256:5f184dc43b7e763efe848065441eac62229c9f7b0475f41f80e207a114eda4ce",
                "sha256:e8667a091e69529631969fd45dc268fa79b99c92c5fcdda727757e52146ec133"
            ],
            "markers": "python_version >= '3.9'",
            "version": "==3.11.1"
        },
        "django": {
            "hashes": [
                "sha256:2e5974441491ddb34c3f13d5e7a9f97b07ba03bf70234c0a9c68b79bbb235bc3",
                "sha256:90be765ee756af8a6cbd6693e56452404b5ad15294f4d5e40c0a55a0f4870fe1"
            ],
            "markers": "python_version >= '3.12'",
            "version": "==6.0.3"
        },
        "django-stubs": {
            "hashes": [
                "sha256:d885044bd0876610f3eb969d6b5ed22f386002a879fdcb369cd8efa0502dbbce",
                "sha256:e1ca63634221b57a55e16562b9b6d1849aeee2cabfd0fc026084dbe8aa893366"
            ],
            "markers": "python_version >= '3.10'",
            "version": "==6.0.1"
        },
        "django-stubs-ext": {
            "hashes": [
                "sha256:17415759b9a3f4b4da7998ac3b08c7dc5137f9a019490b918aece1a8a4c2ade4",
                "sha256:633b280f89c0cbb7e3ce2f2f842e0acc43d8091378e75f84921d6be675d052dc"
            ],
            "markers": "python_version >= '3.10'",
            "version": "==6.0.1"
        },
        "djangorestframework-stubs": {
            "hashes": [
                "sha256:c5bf61def0f330a071dd5f470f05710189d06c467b3f3e186b32c5a23d4952fb",
                "sha256:f6d464b54fa2f929610e957446c04e6ac29558265418e0a2d9f653a4cdd410b5"
            ],
            "index": "pypi",
            "markers": "python_version >= '3.10'",
            "version": "==3.16.8"
        },
        "sqlparse": {
            "hashes": [
                "sha256:12a08b3bf3eec877c519589833aed092e2444e68240a3577e8e26148acc7b1ba",
                "sha256:e20d4a9b0b8585fdf63b10d30066c7c94c5d7a7ec47c889a2d83a3caa93ff28e"
            ],
            "markers": "python_version >= '3.8'",
            "version": "==0.5.5"
        },
        "types-pyyaml": {
            "hashes": [
                "sha256:0f8b54a528c303f0e6f7165687dd33fafa81c807fcac23f632b63aa624ced1d3",
                "sha256:e7d4d9e064e89a3b3cae120b4990cd370874d2bf12fa5f46c97018dd5d3c9ab6"
            ],
            "markers": "python_version >= '3.9'",
            "version": "==6.0.12.20250915"
        },
        "typing-extensions": {
            "hashes": [
                "sha256:0cea48d173cc12fa28ecabc3b837ea3cf6f38c6d1136f85cbaaf598984861466",
                "sha256:f0fa19c6845758ab08074a0cfa8b7aecb71c999ca73d62883bc25cc018c4e548"
            ],
            "markers": "python_version >= '3.9'",
            "version": "==4.15.0"
        },
        "tzdata": {
            "hashes": [
                "sha256:06a47e5700f3081aab02b2e513160914ff0694bce9947d6b76ebd6bf57cfc5d1",
                "sha256:de39c2ca5dc7b0344f2eba86f49d614019d29f060fc4ebc8a417896a620b56a7"
            ],
            "markers": "python_version >= '2'",
            "version": "==2025.3"
        }
    },
    "develop": {}
}
